
Microsoft Visual Studio Solution File, Format Version 12.00
# Visual Studio Version 17
VisualStudioVersion = 17.0.31903.59
MinimumVisualStudioVersion = 10.0.40219.1
Project("{2150E333-8FDC-42A3-9474-1A3956D46DE8}") = "src", "src", "{8E717C07-7CF0-4F1E-AF62-AE3452DD79F7}"
EndProject
Project("{F2A71F9B-5D33-465A-A702-920D77279786}") = "FSharpLab3", "src\FSharpLab3\FSharpLab3.fsproj", "{65180036-157E-499B-AF17-CD1FC8A66766}"
EndProject
Project("{2150E333-8FDC-42A3-9474-1A3956D46DE8}") = "test", "test", "{9D0CB8AB-201F-484C-A56D-0BE4519877B1}"
EndProject
Project("{F2A71F9B-5D33-465A-A702-920D77279786}") = "FSharpLab3Test", "test\FSharpLab3Test\FSharpLab3Test.fsproj", "{605CB431-E78E-4963-B550-8213A6E9E3D6}"
EndProject
Global
	GlobalSection(SolutionConfigurationPlatforms) = preSolution
		Debug|Any CPU = Debug|Any CPU
		Release|Any CPU = Release|Any CPU
	EndGlobalSection
	GlobalSection(SolutionProperties) = preSolution
		HideSolutionNode = FALSE
	EndGlobalSection
	GlobalSection(ProjectConfigurationPlatforms) = postSolution
		{65180036-157E-499B-AF17-CD1FC8A66766}.Debug|Any CPU.ActiveCfg = Debug|Any CPU
		{65180036-157E-499B-AF17-CD1FC8A66766}.Debug|Any CPU.Build.0 = Debug|Any CPU
		{65180036-157E-499B-AF17-CD1FC8A66766}.Release|Any CPU.ActiveCfg = Release|Any CPU
		{65180036-157E-499B-AF17-CD1FC8A66766}.Release|Any CPU.Build.0 = Release|Any CPU
		{605CB431-E78E-4963-B550-8213A6E9E3D6}.Debug|Any CPU.ActiveCfg = Debug|Any CPU
		{605CB431-E78E-4963-B550-8213A6E9E3D6}.Debug|Any CPU.Build.0 = Debug|Any CPU
		{605CB431-E78E-4963-B550-8213A6E9E3D6}.Release|Any CPU.ActiveCfg = Release|Any CPU
		{605CB431-E78E-4963-B550-8213A6E9E3D6}.Release|Any CPU.Build.0 = Release|Any CPU
	EndGlobalSection
	GlobalSection(NestedProjects) = preSolution
		{65180036-157E-499B-AF17-CD1FC8A66766} = {8E717C07-7CF0-4F1E-AF62-AE3452DD79F7}
		{605CB431-E78E-4963-B550-8213A6E9E3D6} = {9D0CB8AB-201F-484C-A56D-0BE4519877B1}
	EndGlobalSection
EndGlobal
